// !$*UTF8*$!
{
	archiveVersion = 1;
	classes = {
	};
	objectVersion = 56;
	objects = {

/* Begin PBXBuildFile section */
		212E6405DE8804DD6031458E /* Pods_Marvel_app_Marvel_appUITests.framework in Frameworks */ = {isa = PBXBuildFile; fileRef = DBC433094115C8210D663187 /* Pods_Marvel_app_Marvel_appUITests.framework */; };
		4AB1E15F26710BB2F9D5507C /* Pods_Marvel_appTests.framework in Frameworks */ = {isa = PBXBuildFile; fileRef = E17170D933E857835D67B36A /* Pods_Marvel_appTests.framework */; };
		7445212456396C181A223CDE /* Pods_Marvel_app.framework in Frameworks */ = {isa = PBXBuildFile; fileRef = C7F2AE3C80166EE3998B771E /* Pods_Marvel_app.framework */; };
		B441D4F829D8CEA7007CC76D /* GoogleService-Info.plist in Resources */ = {isa = PBXBuildFile; fileRef = B441D4F729D8CEA7007CC76D /* GoogleService-Info.plist */; };
		B441D4FE29D8D70C007CC76D /* CharactersPresenter.swift in Sources */ = {isa = PBXBuildFile; fileRef = B441D4FA29D8D70C007CC76D /* CharactersPresenter.swift */; };
		B441D4FF29D8D70C007CC76D /* CharactersInteractor.swift in Sources */ = {isa = PBXBuildFile; fileRef = B441D4FB29D8D70C007CC76D /* CharactersInteractor.swift */; };
		B441D50029D8D70C007CC76D /* CharactersView.swift in Sources */ = {isa = PBXBuildFile; fileRef = B441D4FC29D8D70C007CC76D /* CharactersView.swift */; };
		B441D50129D8D70C007CC76D /* CharactersConfigurator.swift in Sources */ = {isa = PBXBuildFile; fileRef = B441D4FD29D8D70C007CC76D /* CharactersConfigurator.swift */; };
		B441D50729D8DB31007CC76D /* EventsPresenter.swift in Sources */ = {isa = PBXBuildFile; fileRef = B441D50329D8DB31007CC76D /* EventsPresenter.swift */; };
		B441D50829D8DB31007CC76D /* EventsInteractor.swift in Sources */ = {isa = PBXBuildFile; fileRef = B441D50429D8DB31007CC76D /* EventsInteractor.swift */; };
		B441D50929D8DB31007CC76D /* EventsView.swift in Sources */ = {isa = PBXBuildFile; fileRef = B441D50529D8DB31007CC76D /* EventsView.swift */; };
		B441D50A29D8DB31007CC76D /* EventsConfigurator.swift in Sources */ = {isa = PBXBuildFile; fileRef = B441D50629D8DB31007CC76D /* EventsConfigurator.swift */; };
		B441D50C29D8DB87007CC76D /* TabViewController.swift in Sources */ = {isa = PBXBuildFile; fileRef = B441D50B29D8DB87007CC76D /* TabViewController.swift */; };
		B441D50F29D8DC8A007CC76D /* UIImages.swift in Sources */ = {isa = PBXBuildFile; fileRef = B441D50E29D8DC8A007CC76D /* UIImages.swift */; };
		B441D51129D90FEF007CC76D /* UITableViewCell.swift in Sources */ = {isa = PBXBuildFile; fileRef = B441D51029D90FEF007CC76D /* UITableViewCell.swift */; };
		B441D51329D91188007CC76D /* EventTableViewCell.swift in Sources */ = {isa = PBXBuildFile; fileRef = B441D51229D91188007CC76D /* EventTableViewCell.swift */; };
		B441D51529D9D614007CC76D /* Date.swift in Sources */ = {isa = PBXBuildFile; fileRef = B441D51429D9D613007CC76D /* Date.swift */; };
		B441D51729D9EB0C007CC76D /* UITableView.swift in Sources */ = {isa = PBXBuildFile; fileRef = B441D51629D9EB0C007CC76D /* UITableView.swift */; };
		B441D51929D9F671007CC76D /* EventHighlight.swift in Sources */ = {isa = PBXBuildFile; fileRef = B441D51829D9F671007CC76D /* EventHighlight.swift */; };
		B441D51F29DA6F1A007CC76D /* EventComicsPresenter.swift in Sources */ = {isa = PBXBuildFile; fileRef = B441D51B29DA6F1A007CC76D /* EventComicsPresenter.swift */; };
		B441D52029DA6F1A007CC76D /* EventComicsInteractor.swift in Sources */ = {isa = PBXBuildFile; fileRef = B441D51C29DA6F1A007CC76D /* EventComicsInteractor.swift */; };
		B441D52129DA6F1A007CC76D /* EventComicsView.swift in Sources */ = {isa = PBXBuildFile; fileRef = B441D51D29DA6F1A007CC76D /* EventComicsView.swift */; };
		B441D52229DA6F1A007CC76D /* EventComicsConfigurator.swift in Sources */ = {isa = PBXBuildFile; fileRef = B441D51E29DA6F1A007CC76D /* EventComicsConfigurator.swift */; };
		B441D52429DA7121007CC76D /* Alamofire.swift in Sources */ = {isa = PBXBuildFile; fileRef = B441D52329DA7121007CC76D /* Alamofire.swift */; };
		B441D52629DA7B2E007CC76D /* EventsRouter.swift in Sources */ = {isa = PBXBuildFile; fileRef = B441D52529DA7B2E007CC76D /* EventsRouter.swift */; };
		B441D52829DB1AD0007CC76D /* String.swift in Sources */ = {isa = PBXBuildFile; fileRef = B441D52729DB1AD0007CC76D /* String.swift */; };
		B441D52A29DB20C4007CC76D /* CryptoHelper.swift in Sources */ = {isa = PBXBuildFile; fileRef = B441D52929DB20C4007CC76D /* CryptoHelper.swift */; };
		B441D52C29DB28FB007CC76D /* ComicTableViewCell.swift in Sources */ = {isa = PBXBuildFile; fileRef = B441D52B29DB28FB007CC76D /* ComicTableViewCell.swift */; };
		B441D53029DB683B007CC76D /* ComicsTableView.swift in Sources */ = {isa = PBXBuildFile; fileRef = B441D52F29DB683B007CC76D /* ComicsTableView.swift */; };
		B441D53229DB6E4B007CC76D /* ComicsDisplayView.swift in Sources */ = {isa = PBXBuildFile; fileRef = B441D53129DB6E4B007CC76D /* ComicsDisplayView.swift */; };
		B441D53429DB6F7F007CC76D /* HighlightComicView.swift in Sources */ = {isa = PBXBuildFile; fileRef = B441D53329DB6F7F007CC76D /* HighlightComicView.swift */; };
		B441D53629DB8E4A007CC76D /* CharacterTableViewCell.swift in Sources */ = {isa = PBXBuildFile; fileRef = B441D53529DB8E4A007CC76D /* CharacterTableViewCell.swift */; };
		B441D53C29DB9A3C007CC76D /* CharacterComicsPresenter.swift in Sources */ = {isa = PBXBuildFile; fileRef = B441D53829DB9A3C007CC76D /* CharacterComicsPresenter.swift */; };
		B441D53D29DB9A3C007CC76D /* CharacterComicsInteractor.swift in Sources */ = {isa = PBXBuildFile; fileRef = B441D53929DB9A3C007CC76D /* CharacterComicsInteractor.swift */; };
		B441D53E29DB9A3C007CC76D /* CharacterComicsView.swift in Sources */ = {isa = PBXBuildFile; fileRef = B441D53A29DB9A3C007CC76D /* CharacterComicsView.swift */; };
		B441D53F29DB9A3C007CC76D /* CharacterComicsConfigurator.swift in Sources */ = {isa = PBXBuildFile; fileRef = B441D53B29DB9A3C007CC76D /* CharacterComicsConfigurator.swift */; };
		B441D54129DB9E59007CC76D /* CharactersRouter.swift in Sources */ = {isa = PBXBuildFile; fileRef = B441D54029DB9E59007CC76D /* CharactersRouter.swift */; };
		B441D54329DBA5EE007CC76D /* CharacterHighlight.swift in Sources */ = {isa = PBXBuildFile; fileRef = B441D54229DBA5EE007CC76D /* CharacterHighlight.swift */; };
		B4577CEA29D79D9F00020AF5 /* AppDelegate.swift in Sources */ = {isa = PBXBuildFile; fileRef = B4577CE929D79D9F00020AF5 /* AppDelegate.swift */; };
		B4577CEC29D79D9F00020AF5 /* SceneDelegate.swift in Sources */ = {isa = PBXBuildFile; fileRef = B4577CEB29D79D9F00020AF5 /* SceneDelegate.swift */; };
		B4577CEE29D79D9F00020AF5 /* TabBarViewController.swift in Sources */ = {isa = PBXBuildFile; fileRef = B4577CED29D79D9F00020AF5 /* TabBarViewController.swift */; };
		B4577CF329D79DA000020AF5 /* Assets.xcassets in Resources */ = {isa = PBXBuildFile; fileRef = B4577CF229D79DA000020AF5 /* Assets.xcassets */; };
		B4577CF629D79DA000020AF5 /* LaunchScreen.storyboard in Resources */ = {isa = PBXBuildFile; fileRef = B4577CF429D79DA000020AF5 /* LaunchScreen.storyboard */; };
		B4577D0129D79DA000020AF5 /* Marvel_appTests.swift in Sources */ = {isa = PBXBuildFile; fileRef = B4577D0029D79DA000020AF5 /* Marvel_appTests.swift */; };
		B4577D0B29D79DA000020AF5 /* Marvel_appUITests.swift in Sources */ = {isa = PBXBuildFile; fileRef = B4577D0A29D79DA000020AF5 /* Marvel_appUITests.swift */; };
		B4577D0D29D79DA000020AF5 /* Marvel_appUITestsLaunchTests.swift in Sources */ = {isa = PBXBuildFile; fileRef = B4577D0C29D79DA000020AF5 /* Marvel_appUITestsLaunchTests.swift */; };
		B464EC0529DC972C007E3804 /* RestClient.swift in Sources */ = {isa = PBXBuildFile; fileRef = B464EC0429DC972C007E3804 /* RestClient.swift */; };
		B464EC0729DC9740007E3804 /* HTTPManager.swift in Sources */ = {isa = PBXBuildFile; fileRef = B464EC0629DC9740007E3804 /* HTTPManager.swift */; };
		B464EC0A29DC9846007E3804 /* CharactersRepository.swift in Sources */ = {isa = PBXBuildFile; fileRef = B464EC0929DC9846007E3804 /* CharactersRepository.swift */; };
		B464EC0C29DC98D9007E3804 /* CharactersResponseDTO.swift in Sources */ = {isa = PBXBuildFile; fileRef = B464EC0B29DC98D9007E3804 /* CharactersResponseDTO.swift */; };
		B464EC0F29DCAFF2007E3804 /* EventsRepository.swift in Sources */ = {isa = PBXBuildFile; fileRef = B464EC0E29DCAFF2007E3804 /* EventsRepository.swift */; };
		B464EC1129DCB137007E3804 /* EventsResponseDTO.swift in Sources */ = {isa = PBXBuildFile; fileRef = B464EC1029DCB137007E3804 /* EventsResponseDTO.swift */; };
/* End PBXBuildFile section */

/* Begin PBXContainerItemProxy section */
		B4577CFD29D79DA000020AF5 /* PBXContainerItemProxy */ = {
			isa = PBXContainerItemProxy;
			containerPortal = B4577CDE29D79D9F00020AF5 /* Project object */;
			proxyType = 1;
			remoteGlobalIDString = B4577CE529D79D9F00020AF5;
			remoteInfo = "Marvel app";
		};
		B4577D0729D79DA000020AF5 /* PBXContainerItemProxy */ = {
			isa = PBXContainerItemProxy;
			containerPortal = B4577CDE29D79D9F00020AF5 /* Project object */;
			proxyType = 1;
			remoteGlobalIDString = B4577CE529D79D9F00020AF5;
			remoteInfo = "Marvel app";
		};
/* End PBXContainerItemProxy section */

/* Begin PBXFileReference section */
		3904AB7580706092C7B69DAD /* Pods-Marvel app-Marvel appUITests.debug.xcconfig */ = {isa = PBXFileReference; includeInIndex = 1; lastKnownFileType = text.xcconfig; name = "Pods-Marvel app-Marvel appUITests.debug.xcconfig"; path = "Target Support Files/Pods-Marvel app-Marvel appUITests/Pods-Marvel app-Marvel appUITests.debug.xcconfig"; sourceTree = "<group>"; };
		503F678BAD5CF8FAA6559622 /* Pods-Marvel app.release.xcconfig */ = {isa = PBXFileReference; includeInIndex = 1; lastKnownFileType = text.xcconfig; name = "Pods-Marvel app.release.xcconfig"; path = "Target Support Files/Pods-Marvel app/Pods-Marvel app.release.xcconfig"; sourceTree = "<group>"; };
		66DD5A1D9355764F2A05C2A1 /* Pods-Marvel appTests.release.xcconfig */ = {isa = PBXFileReference; includeInIndex = 1; lastKnownFileType = text.xcconfig; name = "Pods-Marvel appTests.release.xcconfig"; path = "Target Support Files/Pods-Marvel appTests/Pods-Marvel appTests.release.xcconfig"; sourceTree = "<group>"; };
		800F50B35A121D97C9C24251 /* Pods-Marvel appTests.debug.xcconfig */ = {isa = PBXFileReference; includeInIndex = 1; lastKnownFileType = text.xcconfig; name = "Pods-Marvel appTests.debug.xcconfig"; path = "Target Support Files/Pods-Marvel appTests/Pods-Marvel appTests.debug.xcconfig"; sourceTree = "<group>"; };
		A8F8AD459548BDA7B382A40D /* Pods-Marvel app.debug.xcconfig */ = {isa = PBXFileReference; includeInIndex = 1; lastKnownFileType = text.xcconfig; name = "Pods-Marvel app.debug.xcconfig"; path = "Target Support Files/Pods-Marvel app/Pods-Marvel app.debug.xcconfig"; sourceTree = "<group>"; };
		B441D4F729D8CEA7007CC76D /* GoogleService-Info.plist */ = {isa = PBXFileReference; fileEncoding = 4; lastKnownFileType = text.plist.xml; path = "GoogleService-Info.plist"; sourceTree = "<group>"; };
		B441D4FA29D8D70C007CC76D /* CharactersPresenter.swift */ = {isa = PBXFileReference; lastKnownFileType = sourcecode.swift; path = CharactersPresenter.swift; sourceTree = "<group>"; };
		B441D4FB29D8D70C007CC76D /* CharactersInteractor.swift */ = {isa = PBXFileReference; lastKnownFileType = sourcecode.swift; path = CharactersInteractor.swift; sourceTree = "<group>"; };
		B441D4FC29D8D70C007CC76D /* CharactersView.swift */ = {isa = PBXFileReference; lastKnownFileType = sourcecode.swift; path = CharactersView.swift; sourceTree = "<group>"; };
		B441D4FD29D8D70C007CC76D /* CharactersConfigurator.swift */ = {isa = PBXFileReference; lastKnownFileType = sourcecode.swift; path = CharactersConfigurator.swift; sourceTree = "<group>"; };
		B441D50329D8DB31007CC76D /* EventsPresenter.swift */ = {isa = PBXFileReference; lastKnownFileType = sourcecode.swift; path = EventsPresenter.swift; sourceTree = "<group>"; };
		B441D50429D8DB31007CC76D /* EventsInteractor.swift */ = {isa = PBXFileReference; lastKnownFileType = sourcecode.swift; path = EventsInteractor.swift; sourceTree = "<group>"; };
		B441D50529D8DB31007CC76D /* EventsView.swift */ = {isa = PBXFileReference; lastKnownFileType = sourcecode.swift; path = EventsView.swift; sourceTree = "<group>"; };
		B441D50629D8DB31007CC76D /* EventsConfigurator.swift */ = {isa = PBXFileReference; lastKnownFileType = sourcecode.swift; path = EventsConfigurator.swift; sourceTree = "<group>"; };
		B441D50B29D8DB87007CC76D /* TabViewController.swift */ = {isa = PBXFileReference; lastKnownFileType = sourcecode.swift; path = TabViewController.swift; sourceTree = "<group>"; };
		B441D50E29D8DC8A007CC76D /* UIImages.swift */ = {isa = PBXFileReference; lastKnownFileType = sourcecode.swift; path = UIImages.swift; sourceTree = "<group>"; };
		B441D51029D90FEF007CC76D /* UITableViewCell.swift */ = {isa = PBXFileReference; lastKnownFileType = sourcecode.swift; path = UITableViewCell.swift; sourceTree = "<group>"; };
		B441D51229D91188007CC76D /* EventTableViewCell.swift */ = {isa = PBXFileReference; lastKnownFileType = sourcecode.swift; path = EventTableViewCell.swift; sourceTree = "<group>"; };
		B441D51429D9D613007CC76D /* Date.swift */ = {isa = PBXFileReference; lastKnownFileType = sourcecode.swift; path = Date.swift; sourceTree = "<group>"; };
		B441D51629D9EB0C007CC76D /* UITableView.swift */ = {isa = PBXFileReference; lastKnownFileType = sourcecode.swift; path = UITableView.swift; sourceTree = "<group>"; };
		B441D51829D9F671007CC76D /* EventHighlight.swift */ = {isa = PBXFileReference; lastKnownFileType = sourcecode.swift; path = EventHighlight.swift; sourceTree = "<group>"; };
		B441D51B29DA6F1A007CC76D /* EventComicsPresenter.swift */ = {isa = PBXFileReference; lastKnownFileType = sourcecode.swift; path = EventComicsPresenter.swift; sourceTree = "<group>"; };
		B441D51C29DA6F1A007CC76D /* EventComicsInteractor.swift */ = {isa = PBXFileReference; lastKnownFileType = sourcecode.swift; path = EventComicsInteractor.swift; sourceTree = "<group>"; };
		B441D51D29DA6F1A007CC76D /* EventComicsView.swift */ = {isa = PBXFileReference; lastKnownFileType = sourcecode.swift; path = EventComicsView.swift; sourceTree = "<group>"; };
		B441D51E29DA6F1A007CC76D /* EventComicsConfigurator.swift */ = {isa = PBXFileReference; lastKnownFileType = sourcecode.swift; path = EventComicsConfigurator.swift; sourceTree = "<group>"; };
		B441D52329DA7121007CC76D /* Alamofire.swift */ = {isa = PBXFileReference; lastKnownFileType = sourcecode.swift; path = Alamofire.swift; sourceTree = "<group>"; };
		B441D52529DA7B2E007CC76D /* EventsRouter.swift */ = {isa = PBXFileReference; lastKnownFileType = sourcecode.swift; path = EventsRouter.swift; sourceTree = "<group>"; };
		B441D52729DB1AD0007CC76D /* String.swift */ = {isa = PBXFileReference; lastKnownFileType = sourcecode.swift; path = String.swift; sourceTree = "<group>"; };
		B441D52929DB20C4007CC76D /* CryptoHelper.swift */ = {isa = PBXFileReference; lastKnownFileType = sourcecode.swift; path = CryptoHelper.swift; sourceTree = "<group>"; };
		B441D52B29DB28FB007CC76D /* ComicTableViewCell.swift */ = {isa = PBXFileReference; lastKnownFileType = sourcecode.swift; path = ComicTableViewCell.swift; sourceTree = "<group>"; };
		B441D52F29DB683B007CC76D /* ComicsTableView.swift */ = {isa = PBXFileReference; lastKnownFileType = sourcecode.swift; path = ComicsTableView.swift; sourceTree = "<group>"; };
		B441D53129DB6E4B007CC76D /* ComicsDisplayView.swift */ = {isa = PBXFileReference; lastKnownFileType = sourcecode.swift; path = ComicsDisplayView.swift; sourceTree = "<group>"; };
		B441D53329DB6F7F007CC76D /* HighlightComicView.swift */ = {isa = PBXFileReference; lastKnownFileType = sourcecode.swift; path = HighlightComicView.swift; sourceTree = "<group>"; };
		B441D53529DB8E4A007CC76D /* CharacterTableViewCell.swift */ = {isa = PBXFileReference; lastKnownFileType = sourcecode.swift; path = CharacterTableViewCell.swift; sourceTree = "<group>"; };
		B441D53829DB9A3C007CC76D /* CharacterComicsPresenter.swift */ = {isa = PBXFileReference; lastKnownFileType = sourcecode.swift; path = CharacterComicsPresenter.swift; sourceTree = "<group>"; };
		B441D53929DB9A3C007CC76D /* CharacterComicsInteractor.swift */ = {isa = PBXFileReference; lastKnownFileType = sourcecode.swift; path = CharacterComicsInteractor.swift; sourceTree = "<group>"; };
		B441D53A29DB9A3C007CC76D /* CharacterComicsView.swift */ = {isa = PBXFileReference; lastKnownFileType = sourcecode.swift; path = CharacterComicsView.swift; sourceTree = "<group>"; };
		B441D53B29DB9A3C007CC76D /* CharacterComicsConfigurator.swift */ = {isa = PBXFileReference; lastKnownFileType = sourcecode.swift; path = CharacterComicsConfigurator.swift; sourceTree = "<group>"; };
		B441D54029DB9E59007CC76D /* CharactersRouter.swift */ = {isa = PBXFileReference; lastKnownFileType = sourcecode.swift; path = CharactersRouter.swift; sourceTree = "<group>"; };
		B441D54229DBA5EE007CC76D /* CharacterHighlight.swift */ = {isa = PBXFileReference; lastKnownFileType = sourcecode.swift; path = CharacterHighlight.swift; sourceTree = "<group>"; };
		B4577CE629D79D9F00020AF5 /* Marvel app.app */ = {isa = PBXFileReference; explicitFileType = wrapper.application; includeInIndex = 0; path = "Marvel app.app"; sourceTree = BUILT_PRODUCTS_DIR; };
		B4577CE929D79D9F00020AF5 /* AppDelegate.swift */ = {isa = PBXFileReference; lastKnownFileType = sourcecode.swift; path = AppDelegate.swift; sourceTree = "<group>"; };
		B4577CEB29D79D9F00020AF5 /* SceneDelegate.swift */ = {isa = PBXFileReference; lastKnownFileType = sourcecode.swift; path = SceneDelegate.swift; sourceTree = "<group>"; };
		B4577CED29D79D9F00020AF5 /* TabBarViewController.swift */ = {isa = PBXFileReference; lastKnownFileType = sourcecode.swift; path = TabBarViewController.swift; sourceTree = "<group>"; };
		B4577CF229D79DA000020AF5 /* Assets.xcassets */ = {isa = PBXFileReference; lastKnownFileType = folder.assetcatalog; path = Assets.xcassets; sourceTree = "<group>"; };
		B4577CF529D79DA000020AF5 /* Base */ = {isa = PBXFileReference; lastKnownFileType = file.storyboard; name = Base; path = Base.lproj/LaunchScreen.storyboard; sourceTree = "<group>"; };
		B4577CF729D79DA000020AF5 /* Info.plist */ = {isa = PBXFileReference; lastKnownFileType = text.plist.xml; path = Info.plist; sourceTree = "<group>"; };
		B4577CFC29D79DA000020AF5 /* Marvel appTests.xctest */ = {isa = PBXFileReference; explicitFileType = wrapper.cfbundle; includeInIndex = 0; path = "Marvel appTests.xctest"; sourceTree = BUILT_PRODUCTS_DIR; };
		B4577D0029D79DA000020AF5 /* Marvel_appTests.swift */ = {isa = PBXFileReference; lastKnownFileType = sourcecode.swift; path = Marvel_appTests.swift; sourceTree = "<group>"; };
		B4577D0629D79DA000020AF5 /* Marvel appUITests.xctest */ = {isa = PBXFileReference; explicitFileType = wrapper.cfbundle; includeInIndex = 0; path = "Marvel appUITests.xctest"; sourceTree = BUILT_PRODUCTS_DIR; };
		B4577D0A29D79DA000020AF5 /* Marvel_appUITests.swift */ = {isa = PBXFileReference; lastKnownFileType = sourcecode.swift; path = Marvel_appUITests.swift; sourceTree = "<group>"; };
		B4577D0C29D79DA000020AF5 /* Marvel_appUITestsLaunchTests.swift */ = {isa = PBXFileReference; lastKnownFileType = sourcecode.swift; path = Marvel_appUITestsLaunchTests.swift; sourceTree = "<group>"; };
		B464EC0429DC972C007E3804 /* RestClient.swift */ = {isa = PBXFileReference; lastKnownFileType = sourcecode.swift; path = RestClient.swift; sourceTree = "<group>"; };
		B464EC0629DC9740007E3804 /* HTTPManager.swift */ = {isa = PBXFileReference; lastKnownFileType = sourcecode.swift; path = HTTPManager.swift; sourceTree = "<group>"; };
		B464EC0929DC9846007E3804 /* CharactersRepository.swift */ = {isa = PBXFileReference; lastKnownFileType = sourcecode.swift; path = CharactersRepository.swift; sourceTree = "<group>"; };
		B464EC0B29DC98D9007E3804 /* CharactersResponseDTO.swift */ = {isa = PBXFileReference; lastKnownFileType = sourcecode.swift; path = CharactersResponseDTO.swift; sourceTree = "<group>"; };
		B464EC0E29DCAFF2007E3804 /* EventsRepository.swift */ = {isa = PBXFileReference; lastKnownFileType = sourcecode.swift; path = EventsRepository.swift; sourceTree = "<group>"; };
		B464EC1029DCB137007E3804 /* EventsResponseDTO.swift */ = {isa = PBXFileReference; lastKnownFileType = sourcecode.swift; path = EventsResponseDTO.swift; sourceTree = "<group>"; };
		C7F2AE3C80166EE3998B771E /* Pods_Marvel_app.framework */ = {isa = PBXFileReference; explicitFileType = wrapper.framework; includeInIndex = 0; path = Pods_Marvel_app.framework; sourceTree = BUILT_PRODUCTS_DIR; };
		D472A8A2EC10E7C4CCDC2F58 /* Pods-Marvel app-Marvel appUITests.release.xcconfig */ = {isa = PBXFileReference; includeInIndex = 1; lastKnownFileType = text.xcconfig; name = "Pods-Marvel app-Marvel appUITests.release.xcconfig"; path = "Target Support Files/Pods-Marvel app-Marvel appUITests/Pods-Marvel app-Marvel appUITests.release.xcconfig"; sourceTree = "<group>"; };
		DBC433094115C8210D663187 /* Pods_Marvel_app_Marvel_appUITests.framework */ = {isa = PBXFileReference; explicitFileType = wrapper.framework; includeInIndex = 0; path = Pods_Marvel_app_Marvel_appUITests.framework; sourceTree = BUILT_PRODUCTS_DIR; };
		E17170D933E857835D67B36A /* Pods_Marvel_appTests.framework */ = {isa = PBXFileReference; explicitFileType = wrapper.framework; includeInIndex = 0; path = Pods_Marvel_appTests.framework; sourceTree = BUILT_PRODUCTS_DIR; };
/* End PBXFileReference section */

/* Begin PBXFrameworksBuildPhase section */
		B4577CE329D79D9F00020AF5 /* Frameworks */ = {
			isa = PBXFrameworksBuildPhase;
			buildActionMask = 2147483647;
			files = (
				7445212456396C181A223CDE /* Pods_Marvel_app.framework in Frameworks */,
			);
			runOnlyForDeploymentPostprocessing = 0;
		};
		B4577CF929D79DA000020AF5 /* Frameworks */ = {
			isa = PBXFrameworksBuildPhase;
			buildActionMask = 2147483647;
			files = (
				4AB1E15F26710BB2F9D5507C /* Pods_Marvel_appTests.framework in Frameworks */,
			);
			runOnlyForDeploymentPostprocessing = 0;
		};
		B4577D0329D79DA000020AF5 /* Frameworks */ = {
			isa = PBXFrameworksBuildPhase;
			buildActionMask = 2147483647;
			files = (
				212E6405DE8804DD6031458E /* Pods_Marvel_app_Marvel_appUITests.framework in Frameworks */,
			);
			runOnlyForDeploymentPostprocessing = 0;
		};
/* End PBXFrameworksBuildPhase section */

/* Begin PBXGroup section */
		2C28F2CF10B1849E583E600C /* Frameworks */ = {
			isa = PBXGroup;
			children = (
				C7F2AE3C80166EE3998B771E /* Pods_Marvel_app.framework */,
				DBC433094115C8210D663187 /* Pods_Marvel_app_Marvel_appUITests.framework */,
				E17170D933E857835D67B36A /* Pods_Marvel_appTests.framework */,
			);
			name = Frameworks;
			sourceTree = "<group>";
		};
		B441D4F929D8D6FE007CC76D /* Characters */ = {
			isa = PBXGroup;
			children = (
				B441D53729DB9A25007CC76D /* CharacterComics */,
				B441D4FA29D8D70C007CC76D /* CharactersPresenter.swift */,
				B441D4FB29D8D70C007CC76D /* CharactersInteractor.swift */,
				B441D54029DB9E59007CC76D /* CharactersRouter.swift */,
				B441D4FC29D8D70C007CC76D /* CharactersView.swift */,
				B441D4FD29D8D70C007CC76D /* CharactersConfigurator.swift */,
				B464EC0829DC9830007E3804 /* Repository */,
				B441D53529DB8E4A007CC76D /* CharacterTableViewCell.swift */,
				B441D54229DBA5EE007CC76D /* CharacterHighlight.swift */,
			);
			path = Characters;
			sourceTree = "<group>";
		};
		B441D50229D8DB1F007CC76D /* Events */ = {
			isa = PBXGroup;
			children = (
				B441D52F29DB683B007CC76D /* ComicsTableView.swift */,
				B441D53129DB6E4B007CC76D /* ComicsDisplayView.swift */,
				B441D53329DB6F7F007CC76D /* HighlightComicView.swift */,
				B441D51A29DA6F0C007CC76D /* EventComics */,
				B441D50329D8DB31007CC76D /* EventsPresenter.swift */,
				B441D50429D8DB31007CC76D /* EventsInteractor.swift */,
				B441D52529DA7B2E007CC76D /* EventsRouter.swift */,
				B441D50529D8DB31007CC76D /* EventsView.swift */,
				B441D50629D8DB31007CC76D /* EventsConfigurator.swift */,
				B464EC0D29DCAFE8007E3804 /* Repository */,
				B441D51229D91188007CC76D /* EventTableViewCell.swift */,
				B441D51829D9F671007CC76D /* EventHighlight.swift */,
			);
			path = Events;
			sourceTree = "<group>";
		};
		B441D50D29D8DC7B007CC76D /* Utilities */ = {
			isa = PBXGroup;
			children = (
				B4577CED29D79D9F00020AF5 /* TabBarViewController.swift */,
				B441D52929DB20C4007CC76D /* CryptoHelper.swift */,
				B441D50B29D8DB87007CC76D /* TabViewController.swift */,
				B441D50E29D8DC8A007CC76D /* UIImages.swift */,
				B441D51629D9EB0C007CC76D /* UITableView.swift */,
				B441D51029D90FEF007CC76D /* UITableViewCell.swift */,
				B441D51429D9D613007CC76D /* Date.swift */,
				B441D52329DA7121007CC76D /* Alamofire.swift */,
				B441D52729DB1AD0007CC76D /* String.swift */,
			);
			path = Utilities;
			sourceTree = "<group>";
		};
		B441D51A29DA6F0C007CC76D /* EventComics */ = {
			isa = PBXGroup;
			children = (
				B441D51B29DA6F1A007CC76D /* EventComicsPresenter.swift */,
				B441D51C29DA6F1A007CC76D /* EventComicsInteractor.swift */,
				B441D51D29DA6F1A007CC76D /* EventComicsView.swift */,
				B441D51E29DA6F1A007CC76D /* EventComicsConfigurator.swift */,
				B441D52B29DB28FB007CC76D /* ComicTableViewCell.swift */,
			);
			path = EventComics;
			sourceTree = "<group>";
		};
		B441D53729DB9A25007CC76D /* CharacterComics */ = {
			isa = PBXGroup;
			children = (
				B441D53829DB9A3C007CC76D /* CharacterComicsPresenter.swift */,
				B441D53929DB9A3C007CC76D /* CharacterComicsInteractor.swift */,
				B441D53A29DB9A3C007CC76D /* CharacterComicsView.swift */,
				B441D53B29DB9A3C007CC76D /* CharacterComicsConfigurator.swift */,
			);
			path = CharacterComics;
			sourceTree = "<group>";
		};
		B4577CDD29D79D9F00020AF5 = {
			isa = PBXGroup;
			children = (
				B4577CE829D79D9F00020AF5 /* Marvel app */,
				B4577CFF29D79DA000020AF5 /* Marvel appTests */,
				B4577D0929D79DA000020AF5 /* Marvel appUITests */,
				B4577CE729D79D9F00020AF5 /* Products */,
				CC136C169B1C9F57CBA1FFFB /* Pods */,
				2C28F2CF10B1849E583E600C /* Frameworks */,
			);
			sourceTree = "<group>";
		};
		B4577CE729D79D9F00020AF5 /* Products */ = {
			isa = PBXGroup;
			children = (
				B4577CE629D79D9F00020AF5 /* Marvel app.app */,
				B4577CFC29D79DA000020AF5 /* Marvel appTests.xctest */,
				B4577D0629D79DA000020AF5 /* Marvel appUITests.xctest */,
			);
			name = Products;
			sourceTree = "<group>";
		};
		B4577CE829D79D9F00020AF5 /* Marvel app */ = {
			isa = PBXGroup;
			children = (
				B464EC0329DC971F007E3804 /* Network */,
				B441D50D29D8DC7B007CC76D /* Utilities */,
				B441D50229D8DB1F007CC76D /* Events */,
				B441D4F929D8D6FE007CC76D /* Characters */,
				B4577CE929D79D9F00020AF5 /* AppDelegate.swift */,
				B4577CEB29D79D9F00020AF5 /* SceneDelegate.swift */,
				B4577CF229D79DA000020AF5 /* Assets.xcassets */,
				B4577CF429D79DA000020AF5 /* LaunchScreen.storyboard */,
				B4577CF729D79DA000020AF5 /* Info.plist */,
				B441D4F729D8CEA7007CC76D /* GoogleService-Info.plist */,
			);
			path = "Marvel app";
			sourceTree = "<group>";
		};
		B4577CFF29D79DA000020AF5 /* Marvel appTests */ = {
			isa = PBXGroup;
			children = (
				B4577D0029D79DA000020AF5 /* Marvel_appTests.swift */,
			);
			path = "Marvel appTests";
			sourceTree = "<group>";
		};
		B4577D0929D79DA000020AF5 /* Marvel appUITests */ = {
			isa = PBXGroup;
			children = (
				B4577D0A29D79DA000020AF5 /* Marvel_appUITests.swift */,
				B4577D0C29D79DA000020AF5 /* Marvel_appUITestsLaunchTests.swift */,
			);
			path = "Marvel appUITests";
			sourceTree = "<group>";
		};
		B464EC0329DC971F007E3804 /* Network */ = {
			isa = PBXGroup;
			children = (
				B464EC0429DC972C007E3804 /* RestClient.swift */,
				B464EC0629DC9740007E3804 /* HTTPManager.swift */,
			);
			path = Network;
			sourceTree = "<group>";
		};
		B464EC0829DC9830007E3804 /* Repository */ = {
			isa = PBXGroup;
			children = (
				B464EC0929DC9846007E3804 /* CharactersRepository.swift */,
				B464EC0B29DC98D9007E3804 /* CharactersResponseDTO.swift */,
			);
			path = Repository;
			sourceTree = "<group>";
		};
		B464EC0D29DCAFE8007E3804 /* Repository */ = {
			isa = PBXGroup;
			children = (
				B464EC0E29DCAFF2007E3804 /* EventsRepository.swift */,
				B464EC1029DCB137007E3804 /* EventsResponseDTO.swift */,
			);
			path = Repository;
			sourceTree = "<group>";
		};
		CC136C169B1C9F57CBA1FFFB /* Pods */ = {
			isa = PBXGroup;
			children = (
				A8F8AD459548BDA7B382A40D /* Pods-Marvel app.debug.xcconfig */,
				503F678BAD5CF8FAA6559622 /* Pods-Marvel app.release.xcconfig */,
				3904AB7580706092C7B69DAD /* Pods-Marvel app-Marvel appUITests.debug.xcconfig */,
				D472A8A2EC10E7C4CCDC2F58 /* Pods-Marvel app-Marvel appUITests.release.xcconfig */,
				800F50B35A121D97C9C24251 /* Pods-Marvel appTests.debug.xcconfig */,
				66DD5A1D9355764F2A05C2A1 /* Pods-Marvel appTests.release.xcconfig */,
			);
			path = Pods;
			sourceTree = "<group>";
		};
/* End PBXGroup section */

/* Begin PBXNativeTarget section */
		B4577CE529D79D9F00020AF5 /* Marvel app */ = {
			isa = PBXNativeTarget;
			buildConfigurationList = B4577D1029D79DA000020AF5 /* Build configuration list for PBXNativeTarget "Marvel app" */;
			buildPhases = (
				5B76F22F39EA0D2AB4A34B2A /* [CP] Check Pods Manifest.lock */,
				B4577CE229D79D9F00020AF5 /* Sources */,
				B4577CE329D79D9F00020AF5 /* Frameworks */,
				B4577CE429D79D9F00020AF5 /* Resources */,
				BFCC3E5D29808BC243471063 /* [CP] Embed Pods Frameworks */,
			);
			buildRules = (
			);
			dependencies = (
			);
			name = "Marvel app";
			packageProductDependencies = (
			);
			productName = "Marvel app";
			productReference = B4577CE629D79D9F00020AF5 /* Marvel app.app */;
			productType = "com.apple.product-type.application";
		};
		B4577CFB29D79DA000020AF5 /* Marvel appTests */ = {
			isa = PBXNativeTarget;
			buildConfigurationList = B4577D1329D79DA000020AF5 /* Build configuration list for PBXNativeTarget "Marvel appTests" */;
			buildPhases = (
				9F132F191F757B8BCABF99C9 /* [CP] Check Pods Manifest.lock */,
				B4577CF829D79DA000020AF5 /* Sources */,
				B4577CF929D79DA000020AF5 /* Frameworks */,
				B4577CFA29D79DA000020AF5 /* Resources */,
			);
			buildRules = (
			);
			dependencies = (
				B4577CFE29D79DA000020AF5 /* PBXTargetDependency */,
			);
			name = "Marvel appTests";
			productName = "Marvel appTests";
			productReference = B4577CFC29D79DA000020AF5 /* Marvel appTests.xctest */;
			productType = "com.apple.product-type.bundle.unit-test";
		};
		B4577D0529D79DA000020AF5 /* Marvel appUITests */ = {
			isa = PBXNativeTarget;
			buildConfigurationList = B4577D1629D79DA000020AF5 /* Build configuration list for PBXNativeTarget "Marvel appUITests" */;
			buildPhases = (
				315BB9E594DEE40A47E3AB9A /* [CP] Check Pods Manifest.lock */,
				B4577D0229D79DA000020AF5 /* Sources */,
				B4577D0329D79DA000020AF5 /* Frameworks */,
				B4577D0429D79DA000020AF5 /* Resources */,
				4A8A964694679C52911FC9C1 /* [CP] Embed Pods Frameworks */,
			);
			buildRules = (
			);
			dependencies = (
				B4577D0829D79DA000020AF5 /* PBXTargetDependency */,
			);
			name = "Marvel appUITests";
			productName = "Marvel appUITests";
			productReference = B4577D0629D79DA000020AF5 /* Marvel appUITests.xctest */;
			productType = "com.apple.product-type.bundle.ui-testing";
		};
/* End PBXNativeTarget section */

/* Begin PBXProject section */
		B4577CDE29D79D9F00020AF5 /* Project object */ = {
			isa = PBXProject;
			attributes = {
				BuildIndependentTargetsInParallel = 1;
				LastSwiftUpdateCheck = 1400;
				LastUpgradeCheck = 1400;
				TargetAttributes = {
					B4577CE529D79D9F00020AF5 = {
						CreatedOnToolsVersion = 14.0;
					};
					B4577CFB29D79DA000020AF5 = {
						CreatedOnToolsVersion = 14.0;
						TestTargetID = B4577CE529D79D9F00020AF5;
					};
					B4577D0529D79DA000020AF5 = {
						CreatedOnToolsVersion = 14.0;
						TestTargetID = B4577CE529D79D9F00020AF5;
					};
				};
			};
			buildConfigurationList = B4577CE129D79D9F00020AF5 /* Build configuration list for PBXProject "Marvel app" */;
			compatibilityVersion = "Xcode 14.0";
			developmentRegion = en;
			hasScannedForEncodings = 0;
			knownRegions = (
				en,
				Base,
			);
			mainGroup = B4577CDD29D79D9F00020AF5;
			packageReferences = (
			);
			productRefGroup = B4577CE729D79D9F00020AF5 /* Products */;
			projectDirPath = "";
			projectRoot = "";
			targets = (
				B4577CE529D79D9F00020AF5 /* Marvel app */,
				B4577CFB29D79DA000020AF5 /* Marvel appTests */,
				B4577D0529D79DA000020AF5 /* Marvel appUITests */,
			);
		};
/* End PBXProject section */

/* Begin PBXResourcesBuildPhase section */
		B4577CE429D79D9F00020AF5 /* Resources */ = {
			isa = PBXResourcesBuildPhase;
			buildActionMask = 2147483647;
			files = (
				B4577CF629D79DA000020AF5 /* LaunchScreen.storyboard in Resources */,
				B4577CF329D79DA000020AF5 /* Assets.xcassets in Resources */,
				B441D4F829D8CEA7007CC76D /* GoogleService-Info.plist in Resources */,
			);
			runOnlyForDeploymentPostprocessing = 0;
		};
		B4577CFA29D79DA000020AF5 /* Resources */ = {
			isa = PBXResourcesBuildPhase;
			buildActionMask = 2147483647;
			files = (
			);
			runOnlyForDeploymentPostprocessing = 0;
		};
		B4577D0429D79DA000020AF5 /* Resources */ = {
			isa = PBXResourcesBuildPhase;
			buildActionMask = 2147483647;
			files = (
			);
			runOnlyForDeploymentPostprocessing = 0;
		};
/* End PBXResourcesBuildPhase section */

/* Begin PBXShellScriptBuildPhase section */
		315BB9E594DEE40A47E3AB9A /* [CP] Check Pods Manifest.lock */ = {
			isa = PBXShellScriptBuildPhase;
			buildActionMask = 2147483647;
			files = (
			);
			inputFileListPaths = (
			);
			inputPaths = (
				"${PODS_PODFILE_DIR_PATH}/Podfile.lock",
				"${PODS_ROOT}/Manifest.lock",
			);
			name = "[CP] Check Pods Manifest.lock";
			outputFileListPaths = (
			);
			outputPaths = (
				"$(DERIVED_FILE_DIR)/Pods-Marvel app-Marvel appUITests-checkManifestLockResult.txt",
			);
			runOnlyForDeploymentPostprocessing = 0;
			shellPath = /bin/sh;
			shellScript = "diff \"${PODS_PODFILE_DIR_PATH}/Podfile.lock\" \"${PODS_ROOT}/Manifest.lock\" > /dev/null\nif [ $? != 0 ] ; then\n    # print error to STDERR\n    echo \"error: The sandbox is not in sync with the Podfile.lock. Run 'pod install' or update your CocoaPods installation.\" >&2\n    exit 1\nfi\n# This output is used by Xcode 'outputs' to avoid re-running this script phase.\necho \"SUCCESS\" > \"${SCRIPT_OUTPUT_FILE_0}\"\n";
			showEnvVarsInLog = 0;
		};
		4A8A964694679C52911FC9C1 /* [CP] Embed Pods Frameworks */ = {
			isa = PBXShellScriptBuildPhase;
			buildActionMask = 2147483647;
			files = (
			);
			inputFileListPaths = (
				"${PODS_ROOT}/Target Support Files/Pods-Marvel app-Marvel appUITests/Pods-Marvel app-Marvel appUITests-frameworks-${CONFIGURATION}-input-files.xcfilelist",
			);
			name = "[CP] Embed Pods Frameworks";
			outputFileListPaths = (
				"${PODS_ROOT}/Target Support Files/Pods-Marvel app-Marvel appUITests/Pods-Marvel app-Marvel appUITests-frameworks-${CONFIGURATION}-output-files.xcfilelist",
			);
			runOnlyForDeploymentPostprocessing = 0;
			shellPath = /bin/sh;
			shellScript = "\"${PODS_ROOT}/Target Support Files/Pods-Marvel app-Marvel appUITests/Pods-Marvel app-Marvel appUITests-frameworks.sh\"\n";
			showEnvVarsInLog = 0;
		};
		5B76F22F39EA0D2AB4A34B2A /* [CP] Check Pods Manifest.lock */ = {
			isa = PBXShellScriptBuildPhase;
			buildActionMask = 2147483647;
			files = (
			);
			inputFileListPaths = (
			);
			inputPaths = (
				"${PODS_PODFILE_DIR_PATH}/Podfile.lock",
				"${PODS_ROOT}/Manifest.lock",
			);
			name = "[CP] Check Pods Manifest.lock";
			outputFileListPaths = (
			);
			outputPaths = (
				"$(DERIVED_FILE_DIR)/Pods-Marvel app-checkManifestLockResult.txt",
			);
			runOnlyForDeploymentPostprocessing = 0;
			shellPath = /bin/sh;
			shellScript = "diff \"${PODS_PODFILE_DIR_PATH}/Podfile.lock\" \"${PODS_ROOT}/Manifest.lock\" > /dev/null\nif [ $? != 0 ] ; then\n    # print error to STDERR\n    echo \"error: The sandbox is not in sync with the Podfile.lock. Run 'pod install' or update your CocoaPods installation.\" >&2\n    exit 1\nfi\n# This output is used by Xcode 'outputs' to avoid re-running this script phase.\necho \"SUCCESS\" > \"${SCRIPT_OUTPUT_FILE_0}\"\n";
			showEnvVarsInLog = 0;
		};
		9F132F191F757B8BCABF99C9 /* [CP] Check Pods Manifest.lock */ = {
			isa = PBXShellScriptBuildPhase;
			buildActionMask = 2147483647;
			files = (
			);
			inputFileListPaths = (
			);
			inputPaths = (
				"${PODS_PODFILE_DIR_PATH}/Podfile.lock",
				"${PODS_ROOT}/Manifest.lock",
			);
			name = "[CP] Check Pods Manifest.lock";
			outputFileListPaths = (
			);
			outputPaths = (
				"$(DERIVED_FILE_DIR)/Pods-Marvel appTests-checkManifestLockResult.txt",
			);
			runOnlyForDeploymentPostprocessing = 0;
			shellPath = /bin/sh;
			shellScript = "diff \"${PODS_PODFILE_DIR_PATH}/Podfile.lock\" \"${PODS_ROOT}/Manifest.lock\" > /dev/null\nif [ $? != 0 ] ; then\n    # print error to STDERR\n    echo \"error: The sandbox is not in sync with the Podfile.lock. Run 'pod install' or update your CocoaPods installation.\" >&2\n    exit 1\nfi\n# This output is used by Xcode 'outputs' to avoid re-running this script phase.\necho \"SUCCESS\" > \"${SCRIPT_OUTPUT_FILE_0}\"\n";
			showEnvVarsInLog = 0;
		};
		BFCC3E5D29808BC243471063 /* [CP] Embed Pods Frameworks */ = {
			isa = PBXShellScriptBuildPhase;
			buildActionMask = 2147483647;
			files = (
			);
			inputFileListPaths = (
				"${PODS_ROOT}/Target Support Files/Pods-Marvel app/Pods-Marvel app-frameworks-${CONFIGURATION}-input-files.xcfilelist",
			);
			name = "[CP] Embed Pods Frameworks";
			outputFileListPaths = (
				"${PODS_ROOT}/Target Support Files/Pods-Marvel app/Pods-Marvel app-frameworks-${CONFIGURATION}-output-files.xcfilelist",
			);
			runOnlyForDeploymentPostprocessing = 0;
			shellPath = /bin/sh;
			shellScript = "\"${PODS_ROOT}/Target Support Files/Pods-Marvel app/Pods-Marvel app-frameworks.sh\"\n";
			showEnvVarsInLog = 0;
		};
/* End PBXShellScriptBuildPhase section */

/* Begin PBXSourcesBuildPhase section */
		B4577CE229D79D9F00020AF5 /* Sources */ = {
			isa = PBXSourcesBuildPhase;
			buildActionMask = 2147483647;
			files = (
				B441D52429DA7121007CC76D /* Alamofire.swift in Sources */,
				B441D50C29D8DB87007CC76D /* TabViewController.swift in Sources */,
				B441D51929D9F671007CC76D /* EventHighlight.swift in Sources */,
				B441D52629DA7B2E007CC76D /* EventsRouter.swift in Sources */,
				B441D4FE29D8D70C007CC76D /* CharactersPresenter.swift in Sources */,
				B441D50929D8DB31007CC76D /* EventsView.swift in Sources */,
				B441D51529D9D614007CC76D /* Date.swift in Sources */,
				B441D51329D91188007CC76D /* EventTableViewCell.swift in Sources */,
				B4577CEE29D79D9F00020AF5 /* TabBarViewController.swift in Sources */,
				B441D50F29D8DC8A007CC76D /* UIImages.swift in Sources */,
				B441D54129DB9E59007CC76D /* CharactersRouter.swift in Sources */,
				B441D52C29DB28FB007CC76D /* ComicTableViewCell.swift in Sources */,
				B441D51129D90FEF007CC76D /* UITableViewCell.swift in Sources */,
				B441D52129DA6F1A007CC76D /* EventComicsView.swift in Sources */,
				B441D50129D8D70C007CC76D /* CharactersConfigurator.swift in Sources */,
				B441D50029D8D70C007CC76D /* CharactersView.swift in Sources */,
				B4577CEA29D79D9F00020AF5 /* AppDelegate.swift in Sources */,
				B441D52229DA6F1A007CC76D /* EventComicsConfigurator.swift in Sources */,
				B441D53D29DB9A3C007CC76D /* CharacterComicsInteractor.swift in Sources */,
				B441D53429DB6F7F007CC76D /* HighlightComicView.swift in Sources */,
				B464EC0F29DCAFF2007E3804 /* EventsRepository.swift in Sources */,
				B441D53029DB683B007CC76D /* ComicsTableView.swift in Sources */,
				B464EC0A29DC9846007E3804 /* CharactersRepository.swift in Sources */,
				B464EC0C29DC98D9007E3804 /* CharactersResponseDTO.swift in Sources */,
				B441D51F29DA6F1A007CC76D /* EventComicsPresenter.swift in Sources */,
				B464EC0729DC9740007E3804 /* HTTPManager.swift in Sources */,
				B441D53F29DB9A3C007CC76D /* CharacterComicsConfigurator.swift in Sources */,
				B441D52829DB1AD0007CC76D /* String.swift in Sources */,
				B464EC0529DC972C007E3804 /* RestClient.swift in Sources */,
				B441D53E29DB9A3C007CC76D /* CharacterComicsView.swift in Sources */,
				B441D53229DB6E4B007CC76D /* ComicsDisplayView.swift in Sources */,
				B441D52029DA6F1A007CC76D /* EventComicsInteractor.swift in Sources */,
				B441D51729D9EB0C007CC76D /* UITableView.swift in Sources */,
				B441D53629DB8E4A007CC76D /* CharacterTableViewCell.swift in Sources */,
				B441D50729D8DB31007CC76D /* EventsPresenter.swift in Sources */,
				B4577CEC29D79D9F00020AF5 /* SceneDelegate.swift in Sources */,
				B441D50A29D8DB31007CC76D /* EventsConfigurator.swift in Sources */,
				B441D53C29DB9A3C007CC76D /* CharacterComicsPresenter.swift in Sources */,
				B464EC1129DCB137007E3804 /* EventsResponseDTO.swift in Sources */,
				B441D4FF29D8D70C007CC76D /* CharactersInteractor.swift in Sources */,
				B441D54329DBA5EE007CC76D /* CharacterHighlight.swift in Sources */,
				B441D50829D8DB31007CC76D /* EventsInteractor.swift in Sources */,
				B441D52A29DB20C4007CC76D /* CryptoHelper.swift in Sources */,
			);
			runOnlyForDeploymentPostprocessing = 0;
		};
		B4577CF829D79DA000020AF5 /* Sources */ = {
			isa = PBXSourcesBuildPhase;
			buildActionMask = 2147483647;
			files = (
				B4577D0129D79DA000020AF5 /* Marvel_appTests.swift in Sources */,
			);
			runOnlyForDeploymentPostprocessing = 0;
		};
		B4577D0229D79DA000020AF5 /* Sources */ = {
			isa = PBXSourcesBuildPhase;
			buildActionMask = 2147483647;
			files = (
				B4577D0B29D79DA000020AF5 /* Marvel_appUITests.swift in Sources */,
				B4577D0D29D79DA000020AF5 /* Marvel_appUITestsLaunchTests.swift in Sources */,
			);
			runOnlyForDeploymentPostprocessing = 0;
		};
/* End PBXSourcesBuildPhase section */

/* Begin PBXTargetDependency section */
		B4577CFE29D79DA000020AF5 /* PBXTargetDependency */ = {
			isa = PBXTargetDependency;
			target = B4577CE529D79D9F00020AF5 /* Marvel app */;
			targetProxy = B4577CFD29D79DA000020AF5 /* PBXContainerItemProxy */;
		};
		B4577D0829D79DA000020AF5 /* PBXTargetDependency */ = {
			isa = PBXTargetDependency;
			target = B4577CE529D79D9F00020AF5 /* Marvel app */;
			targetProxy = B4577D0729D79DA000020AF5 /* PBXContainerItemProxy */;
		};
/* End PBXTargetDependency section */

/* Begin PBXVariantGroup section */
		B4577CF429D79DA000020AF5 /* LaunchScreen.storyboard */ = {
			isa = PBXVariantGroup;
			children = (
				B4577CF529D79DA000020AF5 /* Base */,
			);
			name = LaunchScreen.storyboard;
			sourceTree = "<group>";
		};
/* End PBXVariantGroup section */

/* Begin XCBuildConfiguration section */
		B4577D0E29D79DA000020AF5 /* Debug */ = {
			isa = XCBuildConfiguration;
			buildSettings = {
				ALWAYS_SEARCH_USER_PATHS = NO;
				CLANG_ANALYZER_NONNULL = YES;
				CLANG_ANALYZER_NUMBER_OBJECT_CONVERSION = YES_AGGRESSIVE;
				CLANG_CXX_LANGUAGE_STANDARD = "gnu++20";
				CLANG_ENABLE_MODULES = YES;
				CLANG_ENABLE_OBJC_ARC = YES;
				CLANG_ENABLE_OBJC_WEAK = YES;
				CLANG_WARN_BLOCK_CAPTURE_AUTORELEASING = YES;
				CLANG_WARN_BOOL_CONVERSION = YES;
				CLANG_WARN_COMMA = YES;
				CLANG_WARN_CONSTANT_CONVERSION = YES;
				CLANG_WARN_DEPRECATED_OBJC_IMPLEMENTATIONS = YES;
				CLANG_WARN_DIRECT_OBJC_ISA_USAGE = YES_ERROR;
				CLANG_WARN_DOCUMENTATION_COMMENTS = YES;
				CLANG_WARN_EMPTY_BODY = YES;
				CLANG_WARN_ENUM_CONVERSION = YES;
				CLANG_WARN_INFINITE_RECURSION = YES;
				CLANG_WARN_INT_CONVERSION = YES;
				CLANG_WARN_NON_LITERAL_NULL_CONVERSION = YES;
				CLANG_WARN_OBJC_IMPLICIT_RETAIN_SELF = YES;
				CLANG_WARN_OBJC_LITERAL_CONVERSION = YES;
				CLANG_WARN_OBJC_ROOT_CLASS = YES_ERROR;
				CLANG_WARN_QUOTED_INCLUDE_IN_FRAMEWORK_HEADER = YES;
				CLANG_WARN_RANGE_LOOP_ANALYSIS = YES;
				CLANG_WARN_STRICT_PROTOTYPES = YES;
				CLANG_WARN_SUSPICIOUS_MOVE = YES;
				CLANG_WARN_UNGUARDED_AVAILABILITY = YES_AGGRESSIVE;
				CLANG_WARN_UNREACHABLE_CODE = YES;
				CLANG_WARN__DUPLICATE_METHOD_MATCH = YES;
				COPY_PHASE_STRIP = NO;
				DEBUG_INFORMATION_FORMAT = dwarf;
				ENABLE_STRICT_OBJC_MSGSEND = YES;
				ENABLE_TESTABILITY = YES;
				GCC_C_LANGUAGE_STANDARD = gnu11;
				GCC_DYNAMIC_NO_PIC = NO;
				GCC_NO_COMMON_BLOCKS = YES;
				GCC_OPTIMIZATION_LEVEL = 0;
				GCC_PREPROCESSOR_DEFINITIONS = (
					"DEBUG=1",
					"$(inherited)",
				);
				GCC_WARN_64_TO_32_BIT_CONVERSION = YES;
				GCC_WARN_ABOUT_RETURN_TYPE = YES_ERROR;
				GCC_WARN_UNDECLARED_SELECTOR = YES;
				GCC_WARN_UNINITIALIZED_AUTOS = YES_AGGRESSIVE;
				GCC_WARN_UNUSED_FUNCTION = YES;
				GCC_WARN_UNUSED_VARIABLE = YES;
				IPHONEOS_DEPLOYMENT_TARGET = 16.0;
				MTL_ENABLE_DEBUG_INFO = INCLUDE_SOURCE;
				MTL_FAST_MATH = YES;
				ONLY_ACTIVE_ARCH = YES;
				SDKROOT = iphoneos;
				SWIFT_ACTIVE_COMPILATION_CONDITIONS = DEBUG;
				SWIFT_OPTIMIZATION_LEVEL = "-Onone";
			};
			name = Debug;
		};
		B4577D0F29D79DA000020AF5 /* Release */ = {
			isa = XCBuildConfiguration;
			buildSettings = {
				ALWAYS_SEARCH_USER_PATHS = NO;
				CLANG_ANALYZER_NONNULL = YES;
				CLANG_ANALYZER_NUMBER_OBJECT_CONVERSION = YES_AGGRESSIVE;
				CLANG_CXX_LANGUAGE_STANDARD = "gnu++20";
				CLANG_ENABLE_MODULES = YES;
				CLANG_ENABLE_OBJC_ARC = YES;
				CLANG_ENABLE_OBJC_WEAK = YES;
				CLANG_WARN_BLOCK_CAPTURE_AUTORELEASING = YES;
				CLANG_WARN_BOOL_CONVERSION = YES;
				CLANG_WARN_COMMA = YES;
				CLANG_WARN_CONSTANT_CONVERSION = YES;
				CLANG_WARN_DEPRECATED_OBJC_IMPLEMENTATIONS = YES;
				CLANG_WARN_DIRECT_OBJC_ISA_USAGE = YES_ERROR;
				CLANG_WARN_DOCUMENTATION_COMMENTS = YES;
				CLANG_WARN_EMPTY_BODY = YES;
				CLANG_WARN_ENUM_CONVERSION = YES;
				CLANG_WARN_INFINITE_RECURSION = YES;
				CLANG_WARN_INT_CONVERSION = YES;
				CLANG_WARN_NON_LITERAL_NULL_CONVERSION = YES;
				CLANG_WARN_OBJC_IMPLICIT_RETAIN_SELF = YES;
				CLANG_WARN_OBJC_LITERAL_CONVERSION = YES;
				CLANG_WARN_OBJC_ROOT_CLASS = YES_ERROR;
				CLANG_WARN_QUOTED_INCLUDE_IN_FRAMEWORK_HEADER = YES;
				CLANG_WARN_RANGE_LOOP_ANALYSIS = YES;
				CLANG_WARN_STRICT_PROTOTYPES = YES;
				CLANG_WARN_SUSPICIOUS_MOVE = YES;
				CLANG_WARN_UNGUARDED_AVAILABILITY = YES_AGGRESSIVE;
				CLANG_WARN_UNREACHABLE_CODE = YES;
				CLANG_WARN__DUPLICATE_METHOD_MATCH = YES;
				COPY_PHASE_STRIP = NO;
				DEBUG_INFORMATION_FORMAT = "dwarf-with-dsym";
				ENABLE_NS_ASSERTIONS = NO;
				ENABLE_STRICT_OBJC_MSGSEND = YES;
				GCC_C_LANGUAGE_STANDARD = gnu11;
				GCC_NO_COMMON_BLOCKS = YES;
				GCC_WARN_64_TO_32_BIT_CONVERSION = YES;
				GCC_WARN_ABOUT_RETURN_TYPE = YES_ERROR;
				GCC_WARN_UNDECLARED_SELECTOR = YES;
				GCC_WARN_UNINITIALIZED_AUTOS = YES_AGGRESSIVE;
				GCC_WARN_UNUSED_FUNCTION = YES;
				GCC_WARN_UNUSED_VARIABLE = YES;
				IPHONEOS_DEPLOYMENT_TARGET = 16.0;
				MTL_ENABLE_DEBUG_INFO = NO;
				MTL_FAST_MATH = YES;
				SDKROOT = iphoneos;
				SWIFT_COMPILATION_MODE = wholemodule;
				SWIFT_OPTIMIZATION_LEVEL = "-O";
				VALIDATE_PRODUCT = YES;
			};
			name = Release;
		};
		B4577D1129D79DA000020AF5 /* Debug */ = {
			isa = XCBuildConfiguration;
			baseConfigurationReference = A8F8AD459548BDA7B382A40D /* Pods-Marvel app.debug.xcconfig */;
			buildSettings = {
				ASSETCATALOG_COMPILER_APPICON_NAME = AppIcon;
				ASSETCATALOG_COMPILER_GLOBAL_ACCENT_COLOR_NAME = AccentColor;
				CODE_SIGN_STYLE = Automatic;
				CURRENT_PROJECT_VERSION = 1;
				DEVELOPMENT_TEAM = U9M8KR7NN5;
				GENERATE_INFOPLIST_FILE = YES;
				INFOPLIST_FILE = "Marvel app/Info.plist";
				INFOPLIST_KEY_UIApplicationSupportsIndirectInputEvents = YES;
				INFOPLIST_KEY_UILaunchStoryboardName = LaunchScreen;
				INFOPLIST_KEY_UISupportedInterfaceOrientations_iPad = "UIInterfaceOrientationPortrait UIInterfaceOrientationPortraitUpsideDown UIInterfaceOrientationLandscapeLeft UIInterfaceOrientationLandscapeRight";
				INFOPLIST_KEY_UISupportedInterfaceOrientations_iPhone = "UIInterfaceOrientationPortrait UIInterfaceOrientationLandscapeLeft UIInterfaceOrientationLandscapeRight";
				LD_RUNPATH_SEARCH_PATHS = (
					"$(inherited)",
					"@executable_path/Frameworks",
				);
				MARKETING_VERSION = 1.0;
				PRODUCT_BUNDLE_IDENTIFIER = "salva.Marvel-app";
				PRODUCT_NAME = "$(TARGET_NAME)";
				SWIFT_EMIT_LOC_STRINGS = YES;
				SWIFT_VERSION = 5.0;
				TARGETED_DEVICE_FAMILY = "1,2";
			};
			name = Debug;
		};
		B4577D1229D79DA000020AF5 /* Release */ = {
			isa = XCBuildConfiguration;
			baseConfigurationReference = 503F678BAD5CF8FAA6559622 /* Pods-Marvel app.release.xcconfig */;
			buildSettings = {
				ASSETCATALOG_COMPILER_APPICON_NAME = AppIcon;
				ASSETCATALOG_COMPILER_GLOBAL_ACCENT_COLOR_NAME = AccentColor;
				CODE_SIGN_STYLE = Automatic;
				CURRENT_PROJECT_VERSION = 1;
				DEVELOPMENT_TEAM = U9M8KR7NN5;
				GENERATE_INFOPLIST_FILE = YES;
				INFOPLIST_FILE = "Marvel app/Info.plist";
				INFOPLIST_KEY_UIApplicationSupportsIndirectInputEvents = YES;
				INFOPLIST_KEY_UILaunchStoryboardName = LaunchScreen;
				INFOPLIST_KEY_UISupportedInterfaceOrientations_iPad = "UIInterfaceOrientationPortrait UIInterfaceOrientationPortraitUpsideDown UIInterfaceOrientationLandscapeLeft UIInterfaceOrientationLandscapeRight";
				INFOPLIST_KEY_UISupportedInterfaceOrientations_iPhone = "UIInterfaceOrientationPortrait UIInterfaceOrientationLandscapeLeft UIInterfaceOrientationLandscapeRight";
				LD_RUNPATH_SEARCH_PATHS = (
					"$(inherited)",
					"@executable_path/Frameworks",
				);
				MARKETING_VERSION = 1.0;
				PRODUCT_BUNDLE_IDENTIFIER = "salva.Marvel-app";
				PRODUCT_NAME = "$(TARGET_NAME)";
				SWIFT_EMIT_LOC_STRINGS = YES;
				SWIFT_VERSION = 5.0;
				TARGETED_DEVICE_FAMILY = "1,2";
			};
			name = Release;
		};
		B4577D1429D79DA000020AF5 /* Debug */ = {
			isa = XCBuildConfiguration;
			baseConfigurationReference = 800F50B35A121D97C9C24251 /* Pods-Marvel appTests.debug.xcconfig */;
			buildSettings = {
				ALWAYS_EMBED_SWIFT_STANDARD_LIBRARIES = YES;
				BUNDLE_LOADER = "$(TEST_HOST)";
				CODE_SIGN_STYLE = Automatic;
				CURRENT_PROJECT_VERSION = 1;
				DEVELOPMENT_TEAM = U9M8KR7NN5;
				GENERATE_INFOPLIST_FILE = YES;
				IPHONEOS_DEPLOYMENT_TARGET = 16.0;
				MARKETING_VERSION = 1.0;
				PRODUCT_BUNDLE_IDENTIFIER = "salva.Marvel-appTests";
				PRODUCT_NAME = "$(TARGET_NAME)";
				SWIFT_EMIT_LOC_STRINGS = NO;
				SWIFT_VERSION = 5.0;
				TARGETED_DEVICE_FAMILY = "1,2";
				TEST_HOST = "$(BUILT_PRODUCTS_DIR)/Marvel app.app/$(BUNDLE_EXECUTABLE_FOLDER_PATH)/Marvel app";
			};
			name = Debug;
		};
		B4577D1529D79DA000020AF5 /* Release */ = {
			isa = XCBuildConfiguration;
			baseConfigurationReference = 66DD5A1D9355764F2A05C2A1 /* Pods-Marvel appTests.release.xcconfig */;
			buildSettings = {
				ALWAYS_EMBED_SWIFT_STANDARD_LIBRARIES = YES;
				BUNDLE_LOADER = "$(TEST_HOST)";
				CODE_SIGN_STYLE = Automatic;
				CURRENT_PROJECT_VERSION = 1;
				DEVELOPMENT_TEAM = U9M8KR7NN5;
				GENERATE_INFOPLIST_FILE = YES;
				IPHONEOS_DEPLOYMENT_TARGET = 16.0;
				MARKETING_VERSION = 1.0;
				PRODUCT_BUNDLE_IDENTIFIER = "salva.Marvel-appTests";
				PRODUCT_NAME = "$(TARGET_NAME)";
				SWIFT_EMIT_LOC_STRINGS = NO;
				SWIFT_VERSION = 5.0;
				TARGETED_DEVICE_FAMILY = "1,2";
				TEST_HOST = "$(BUILT_PRODUCTS_DIR)/Marvel app.app/$(BUNDLE_EXECUTABLE_FOLDER_PATH)/Marvel app";
			};
			name = Release;
		};
		B4577D1729D79DA000020AF5 /* Debug */ = {
			isa = XCBuildConfiguration;
			baseConfigurationReference = 3904AB7580706092C7B69DAD /* Pods-Marvel app-Marvel appUITests.debug.xcconfig */;
			buildSettings = {
				ALWAYS_EMBED_SWIFT_STANDARD_LIBRARIES = YES;
				CODE_SIGN_STYLE = Automatic;
				CURRENT_PROJECT_VERSION = 1;
				DEVELOPMENT_TEAM = U9M8KR7NN5;
				GENERATE_INFOPLIST_FILE = YES;
				MARKETING_VERSION = 1.0;
				PRODUCT_BUNDLE_IDENTIFIER = "salva.Marvel-appUITests";
				PRODUCT_NAME = "$(TARGET_NAME)";
				SWIFT_EMIT_LOC_STRINGS = NO;
				SWIFT_VERSION = 5.0;
				TARGETED_DEVICE_FAMILY = "1,2";
				TEST_TARGET_NAME = "Marvel app";
			};
			name = Debug;
		};
		B4577D1829D79DA000020AF5 /* Release */ = {
			isa = XCBuildConfiguration;
			baseConfigurationReference = D472A8A2EC10E7C4CCDC2F58 /* Pods-Marvel app-Marvel appUITests.release.xcconfig */;
			buildSettings = {
				ALWAYS_EMBED_SWIFT_STANDARD_LIBRARIES = YES;
				CODE_SIGN_STYLE = Automatic;
				CURRENT_PROJECT_VERSION = 1;
				DEVELOPMENT_TEAM = U9M8KR7NN5;
				GENERATE_INFOPLIST_FILE = YES;
				MARKETING_VERSION = 1.0;
				PRODUCT_BUNDLE_IDENTIFIER = "salva.Marvel-appUITests";
				PRODUCT_NAME = "$(TARGET_NAME)";
				SWIFT_EMIT_LOC_STRINGS = NO;
				SWIFT_VERSION = 5.0;
				TARGETED_DEVICE_FAMILY = "1,2";
				TEST_TARGET_NAME = "Marvel app";
			};
			name = Release;
		};
/* End XCBuildConfiguration section */

/* Begin XCConfigurationList section */
		B4577CE129D79D9F00020AF5 /* Build configuration list for PBXProject "Marvel app" */ = {
			isa = XCConfigurationList;
			buildConfigurations = (
				B4577D0E29D79DA000020AF5 /* Debug */,
				B4577D0F29D79DA000020AF5 /* Release */,
			);
			defaultConfigurationIsVisible = 0;
			defaultConfigurationName = Release;
		};
		B4577D1029D79DA000020AF5 /* Build configuration list for PBXNativeTarget "Marvel app" */ = {
			isa = XCConfigurationList;
			buildConfigurations = (
				B4577D1129D79DA000020AF5 /* Debug */,
				B4577D1229D79DA000020AF5 /* Release */,
			);
			defaultConfigurationIsVisible = 0;
			defaultConfigurationName = Release;
		};
		B4577D1329D79DA000020AF5 /* Build configuration list for PBXNativeTarget "Marvel appTests" */ = {
			isa = XCConfigurationList;
			buildConfigurations = (
				B4577D1429D79DA000020AF5 /* Debug */,
				B4577D1529D79DA000020AF5 /* Release */,
			);
			defaultConfigurationIsVisible = 0;
			defaultConfigurationName = Release;
		};
		B4577D1629D79DA000020AF5 /* Build configuration list for PBXNativeTarget "Marvel appUITests" */ = {
			isa = XCConfigurationList;
			buildConfigurations = (
				B4577D1729D79DA000020AF5 /* Debug */,
				B4577D1829D79DA000020AF5 /* Release */,
			);
			defaultConfigurationIsVisible = 0;
			defaultConfigurationName = Release;
		};
/* End XCConfigurationList section */
	};
	rootObject = B4577CDE29D79D9F00020AF5 /* Project object */;
}
